
Microsoft Visual Studio Solution File, Format Version 12.00
# Visual Studio 15
VisualStudioVersion = 15.0.34031.82
MinimumVisualStudioVersion = 10.0.40219.1
Project("{FAE04EC0-301F-11D3-BF4B-00C04F79EFBC}") = "AkopovKursov_var29", "AkopovKursov_var29\AkopovKursov_var29.csproj", "{B7686F01-E749-423D-B229-E165A90AB01E}"
EndProject
Global
	GlobalSection(SolutionConfigurationPlatforms) = preSolution
		Debug|Any CPU = Debug|Any CPU
		Release|Any CPU = Release|Any CPU
	EndGlobalSection
	GlobalSection(ProjectConfigurationPlatforms) = postSolution
		{B7686F01-E749-423D-B229-E165A90AB01E}.Debug|Any CPU.ActiveCfg = Debug|Any CPU
		{B7686F01-E749-423D-B229-E165A90AB01E}.Debug|Any CPU.Build.0 = Debug|Any CPU
		{B7686F01-E749-423D-B229-E165A90AB01E}.Release|Any CPU.ActiveCfg = Release|Any CPU
		{B7686F01-E749-423D-B229-E165A90AB01E}.Release|Any CPU.Build.0 = Release|Any CPU
	EndGlobalSection
	GlobalSection(SolutionProperties) = preSolution
		HideSolutionNode = FALSE
	EndGlobalSection
	GlobalSection(ExtensibilityGlobals) = postSolution
		SolutionGuid = {3ADFE155-BCF8-4117-ADE6-2664E3B86F34}
	EndGlobalSection
EndGlobal
